
Microsoft Visual Studio Solution File, Format Version 12.00
# Visual Studio 2017
Project("{FAE04EC0-301F-11D3-BF4B-00C04F79EFBC}") = "Assignment2", "Assignment2.csproj", "{FFC29DE1-395B-4D72-A7E0-E4938C418E8A}"
EndProject
Global
	GlobalSection(SolutionConfigurationPlatforms) = preSolution
		Debug|Any CPU = Debug|Any CPU
		Release|Any CPU = Release|Any CPU
	EndGlobalSection
	GlobalSection(ProjectConfigurationPlatforms) = postSolution
		{FFC29DE1-395B-4D72-A7E0-E4938C418E8A}.Debug|Any CPU.ActiveCfg = Debug|Any CPU
		{FFC29DE1-395B-4D72-A7E0-E4938C418E8A}.Debug|Any CPU.Build.0 = Debug|Any CPU
		{FFC29DE1-395B-4D72-A7E0-E4938C418E8A}.Release|Any CPU.ActiveCfg = Release|Any CPU
		{FFC29DE1-395B-4D72-A7E0-E4938C418E8A}.Release|Any CPU.Build.0 = Release|Any CPU
	EndGlobalSection
EndGlobal
