
Microsoft Visual Studio Solution File, Format Version 12.00
# Visual Studio 15
VisualStudioVersion = 15.0.27428.2037
MinimumVisualStudioVersion = 10.0.40219.1
Project("{9A19103F-16F7-4668-BE54-9A1E7A4F7556}") = "MvcMovie", "MvcMovie\MvcMovie.csproj", "{E763DF61-0C8E-45D9-B9B7-2205000E6614}"
EndProject
Project("{9A19103F-16F7-4668-BE54-9A1E7A4F7556}") = "OAuthExampleMac", "OAuthExampleMac\OAuthExampleMac.csproj", "{AA76FB51-166A-4E2C-99EF-4F2F0582AA4A}"
EndProject
Global
	GlobalSection(SolutionConfigurationPlatforms) = preSolution
		Debug|Any CPU = Debug|Any CPU
		Release|Any CPU = Release|Any CPU
	EndGlobalSection
	GlobalSection(ProjectConfigurationPlatforms) = postSolution
		{E763DF61-0C8E-45D9-B9B7-2205000E6614}.Debug|Any CPU.ActiveCfg = Debug|Any CPU
		{E763DF61-0C8E-45D9-B9B7-2205000E6614}.Debug|Any CPU.Build.0 = Debug|Any CPU
		{E763DF61-0C8E-45D9-B9B7-2205000E6614}.Release|Any CPU.ActiveCfg = Release|Any CPU
		{E763DF61-0C8E-45D9-B9B7-2205000E6614}.Release|Any CPU.Build.0 = Release|Any CPU
		{9031134B-9938-4E72-A529-3769376BF32B}.Debug|Any CPU.ActiveCfg = Debug|Any CPU
		{9031134B-9938-4E72-A529-3769376BF32B}.Debug|Any CPU.Build.0 = Debug|Any CPU
		{9031134B-9938-4E72-A529-3769376BF32B}.Release|Any CPU.ActiveCfg = Release|Any CPU
		{9031134B-9938-4E72-A529-3769376BF32B}.Release|Any CPU.Build.0 = Release|Any CPU
		{AA76FB51-166A-4E2C-99EF-4F2F0582AA4A}.Debug|Any CPU.ActiveCfg = Debug|Any CPU
		{AA76FB51-166A-4E2C-99EF-4F2F0582AA4A}.Debug|Any CPU.Build.0 = Debug|Any CPU
		{AA76FB51-166A-4E2C-99EF-4F2F0582AA4A}.Release|Any CPU.ActiveCfg = Release|Any CPU
		{AA76FB51-166A-4E2C-99EF-4F2F0582AA4A}.Release|Any CPU.Build.0 = Release|Any CPU
	EndGlobalSection
	GlobalSection(SolutionProperties) = preSolution
		HideSolutionNode = FALSE
	EndGlobalSection
	GlobalSection(ExtensibilityGlobals) = postSolution
		SolutionGuid = {EF7796B8-4EB1-49CE-98F3-DAADA8F37B44}
	EndGlobalSection
EndGlobal
